
Microsoft Visual Studio Solution File, Format Version 12.00
# Visual Studio Version 17
VisualStudioVersion = 17.3.32929.385
MinimumVisualStudioVersion = 10.0.40219.1
Project("{9A19103F-16F7-4668-BE54-9A1E7A4F7556}") = "AbstractFactory", "..\AbstractFactory\AbstractFactory.csproj", "{CDC6DEBD-18C8-4180-9716-40C7109706CF}"
EndProject
Project("{FAE04EC0-301F-11D3-BF4B-00C04F79EFBC}") = "FactoryMethod", "FactoryMethod\FactoryMethod.csproj", "{6D29543D-ADEC-470A-B324-4E94162ECF5A}"
EndProject
Global
	GlobalSection(SolutionConfigurationPlatforms) = preSolution
		Debug|Any CPU = Debug|Any CPU
		Release|Any CPU = Release|Any CPU
	EndGlobalSection
	GlobalSection(ProjectConfigurationPlatforms) = postSolution
		{CDC6DEBD-18C8-4180-9716-40C7109706CF}.Debug|Any CPU.ActiveCfg = Debug|Any CPU
		{CDC6DEBD-18C8-4180-9716-40C7109706CF}.Debug|Any CPU.Build.0 = Debug|Any CPU
		{CDC6DEBD-18C8-4180-9716-40C7109706CF}.Release|Any CPU.ActiveCfg = Release|Any CPU
		{CDC6DEBD-18C8-4180-9716-40C7109706CF}.Release|Any CPU.Build.0 = Release|Any CPU
		{6D29543D-ADEC-470A-B324-4E94162ECF5A}.Debug|Any CPU.ActiveCfg = Debug|Any CPU
		{6D29543D-ADEC-470A-B324-4E94162ECF5A}.Debug|Any CPU.Build.0 = Debug|Any CPU
		{6D29543D-ADEC-470A-B324-4E94162ECF5A}.Release|Any CPU.ActiveCfg = Release|Any CPU
		{6D29543D-ADEC-470A-B324-4E94162ECF5A}.Release|Any CPU.Build.0 = Release|Any CPU
	EndGlobalSection
	GlobalSection(SolutionProperties) = preSolution
		HideSolutionNode = FALSE
	EndGlobalSection
	GlobalSection(ExtensibilityGlobals) = postSolution
		SolutionGuid = {C9FC1EF7-DAC4-4D93-A326-A1CC77C44290}
	EndGlobalSection
EndGlobal
